<?xml version="1.0" encoding="utf-8"?>
<Project xmlns="http://schemas.microsoft.com/developer/msbuild/2003">
  <ItemGroup>
    <Filter Include="Generated Files">
      <UniqueIdentifier>{71ED8ED8-ACB9-4CE9-BBE1-E00B30144E11}</UniqueIdentifier>
      <Extensions>cpp;c;cxx;moc;h;def;odl;idl;res;</Extensions>
    </Filter>
    <Filter Include="Generated Files">
      <UniqueIdentifier>{71ED8ED8-ACB9-4CE9-BBE1-E00B30144E11}</UniqueIdentifier>
      <Extensions>cpp;c;cxx;moc;h;def;odl;idl;res;</Extensions>
    </Filter>
  </ItemGroup>
  <ItemGroup>
    <CustomBuild Include="debug\moc_predefs.h.cbt">
      <Filter>Generated Files</Filter>
    </CustomBuild>
    <CustomBuild Include="release\moc_predefs.h.cbt">
      <Filter>Generated Files</Filter>
    </CustomBuild>
  </ItemGroup>
  <ItemGroup>
    <None Include=".qmake.stash" />
    <None Include="BTables.pro" />
    <None Include="BTables.qtvscr" />
  </ItemGroup>
  <ItemGroup>
    <ClCompile Include="src\Main.cpp">
      <Filter>Generated Files</Filter>
    </ClCompile>
    <ClCompile Include="src\MainWindow.cpp">
      <Filter>Generated Files</Filter>
    </ClCompile>
    <ClCompile Include="src\DataBase.cpp">
      <Filter>Generated Files</Filter>
    </ClCompile>
    <ClCompile Include="src\AppLogicCore.cpp">
      <Filter>Generated Files</Filter>
    </ClCompile>
    <ClCompile Include="src\DebugWindow.cpp">
      <Filter>Generated Files</Filter>
    </ClCompile>
    <ClCompile Include="src\CreateTableDialog.cpp">
      <Filter>Generated Files</Filter>
    </ClCompile>
  </ItemGroup>
  <ItemGroup>
    <ClInclude Include="include\DefaultInclude.h">
      <Filter>Generated Files</Filter>
    </ClInclude>
  </ItemGroup>
  <ItemGroup>
    <QtMoc Include="include\MainWindow.h">
      <Filter>Generated Files</Filter>
    </QtMoc>
    <QtMoc Include="include\DataBase.h">
      <Filter>Generated Files</Filter>
    </QtMoc>
    <QtMoc Include="include\AppLogicCore.h">
      <Filter>Generated Files</Filter>
    </QtMoc>
    <QtMoc Include="include\DebugWindow.h">
      <Filter>Generated Files</Filter>
    </QtMoc>
    <QtMoc Include="include\CreateTableDialog.h">
      <Filter>Generated Files</Filter>
    </QtMoc>
  </ItemGroup>
  <ItemGroup>
    <QtUic Include="forms\mainWindowForm.ui" />
    <QtUic Include="forms\debugWindow.ui" />
    <QtUic Include="forms\createTableButtonDialog.ui" />
  </ItemGroup>
  <ItemGroup>
    <QtRcc Include="resources\resource.qrc" />
  </ItemGroup>
</Project>